{
  "name": "@apok/admin-components-bulma",
  "version": "1.0.1-rc.8",
  "lockfileVersion": 1,
  "requires": true,
  "dependencies": {
    "@fortawesome/vue-fontawesome": {
      "version": "0.1.6",
      "resolved": "https://registry.npmjs.org/@fortawesome/vue-fontawesome/-/vue-fontawesome-0.1.6.tgz",
      "integrity": "sha512-HAGRbrOuGDwwUmCYdpzR0hhNQ3EE30dOS4JiJKcoZ+S4M210CxyU0OXCgzIg3HzK/23rlpHbV8zi9PDDZDnuIw=="
    },
    "buefy": {
      "version": "0.7.6",
      "resolved": "https://registry.npmjs.org/buefy/-/buefy-0.7.6.tgz",
      "integrity": "sha512-Mnx2E6hrGzEB2R/smkRFekHVdhtZR/qJU6/ARW5g8VAyL0r9EtZkPHWEEYB8ZDi7AKGNF0CTTqZc4j24cASMbQ==",
      "requires": {
        "bulma": "0.7.4"
      },
      "dependencies": {
        "bulma": {
          "version": "0.7.4",
          "resolved": "https://registry.npmjs.org/bulma/-/bulma-0.7.4.tgz",
          "integrity": "sha512-krG2rP6eAX1WE0sf6O0SC/FUVSOBX4m1PBC2+GKLpb2pX0qanaDqcv9U2nu75egFrsHkI0zdWYuk/oGwoszVWg=="
        }
      }
    },
    "bulma": {
      "version": "0.7.5",
      "resolved": "https://registry.npmjs.org/bulma/-/bulma-0.7.5.tgz",
      "integrity": "sha512-cX98TIn0I6sKba/DhW0FBjtaDpxTelU166pf7ICXpCCuplHWyu6C9LYZmL5PEsnePIeJaiorsTEzzNk3Tsm1hw=="
    },
    "lodash.upperfirst": {
      "version": "4.3.1",
      "resolved": "https://registry.npmjs.org/lodash.upperfirst/-/lodash.upperfirst-4.3.1.tgz",
      "integrity": "sha1-E2Xt9DFIBIHvDRxolXpe2Z1J984="
    },
    "moment": {
      "version": "2.24.0",
      "resolved": "https://registry.npmjs.org/moment/-/moment-2.24.0.tgz",
      "integrity": "sha512-bV7f+6l2QigeBBZSM/6yTNq4P2fNpSWj/0e7jQcy87A8e7o2nAfP/34/2ky5Vw4B9S446EtIhodAzkFCcR4dQg=="
    }
  }
}
